
Microsoft Visual Studio Solution File, Format Version 12.00
# Visual Studio Version 16
VisualStudioVersion = 16.0.30128.74
MinimumVisualStudioVersion = 10.0.40219.1
Project("{9A19103F-16F7-4668-BE54-9A1E7A4F7556}") = "MaidTsukumo", "src\MaidTsukumo\MaidTsukumo.csproj", "{4DCFB70D-7EDE-42D7-B953-F468199A58B9}"
	ProjectSection(ProjectDependencies) = postProject
		{A2990026-DCA3-4E41-858C-94E63A238641} = {A2990026-DCA3-4E41-858C-94E63A238641}
		{B74CD442-B4A4-45FD-9055-F523CD5BF5E8} = {B74CD442-B4A4-45FD-9055-F523CD5BF5E8}
		{A50D54C8-5CDA-4BA3-B356-CE4758D08511} = {A50D54C8-5CDA-4BA3-B356-CE4758D08511}
		{343F6FDA-B7A3-4C5F-B588-D653DCFA2069} = {343F6FDA-B7A3-4C5F-B588-D653DCFA2069}
	EndProjectSection
EndProject
Project("{9A19103F-16F7-4668-BE54-9A1E7A4F7556}") = "MaidTsukumo.GraphicalUserInterface", "src\MaidTsukumo.GraphicalUserInterface\MaidTsukumo.GraphicalUserInterface.csproj", "{343F6FDA-B7A3-4C5F-B588-D653DCFA2069}"
EndProject
Project("{9A19103F-16F7-4668-BE54-9A1E7A4F7556}") = "MaidTsukumo.ExtensionLoader", "src\MaidTsukumo.ExtensionLoader\MaidTsukumo.ExtensionLoader.csproj", "{A2990026-DCA3-4E41-858C-94E63A238641}"
EndProject
Project("{9A19103F-16F7-4668-BE54-9A1E7A4F7556}") = "MaidTsukumo.Listener", "src\MaidTsukumo.Listener\MaidTsukumo.Listener.csproj", "{A50D54C8-5CDA-4BA3-B356-CE4758D08511}"
EndProject
Project("{9A19103F-16F7-4668-BE54-9A1E7A4F7556}") = "MaidTsukumo.Speaker", "src\MaidTsukumo.Speaker\MaidTsukumo.Speaker.csproj", "{B74CD442-B4A4-45FD-9055-F523CD5BF5E8}"
EndProject
Global
	GlobalSection(SolutionConfigurationPlatforms) = preSolution
		Debug|Any CPU = Debug|Any CPU
		Release|Any CPU = Release|Any CPU
	EndGlobalSection
	GlobalSection(ProjectConfigurationPlatforms) = postSolution
		{4DCFB70D-7EDE-42D7-B953-F468199A58B9}.Debug|Any CPU.ActiveCfg = Debug|Any CPU
		{4DCFB70D-7EDE-42D7-B953-F468199A58B9}.Debug|Any CPU.Build.0 = Debug|Any CPU
		{4DCFB70D-7EDE-42D7-B953-F468199A58B9}.Release|Any CPU.ActiveCfg = Release|Any CPU
		{4DCFB70D-7EDE-42D7-B953-F468199A58B9}.Release|Any CPU.Build.0 = Release|Any CPU
		{343F6FDA-B7A3-4C5F-B588-D653DCFA2069}.Debug|Any CPU.ActiveCfg = Release|Any CPU
		{343F6FDA-B7A3-4C5F-B588-D653DCFA2069}.Debug|Any CPU.Build.0 = Release|Any CPU
		{343F6FDA-B7A3-4C5F-B588-D653DCFA2069}.Release|Any CPU.ActiveCfg = Release|Any CPU
		{343F6FDA-B7A3-4C5F-B588-D653DCFA2069}.Release|Any CPU.Build.0 = Release|Any CPU
		{A2990026-DCA3-4E41-858C-94E63A238641}.Debug|Any CPU.ActiveCfg = Release|Any CPU
		{A2990026-DCA3-4E41-858C-94E63A238641}.Debug|Any CPU.Build.0 = Release|Any CPU
		{A2990026-DCA3-4E41-858C-94E63A238641}.Release|Any CPU.ActiveCfg = Release|Any CPU
		{A2990026-DCA3-4E41-858C-94E63A238641}.Release|Any CPU.Build.0 = Release|Any CPU
		{A50D54C8-5CDA-4BA3-B356-CE4758D08511}.Debug|Any CPU.ActiveCfg = Release|Any CPU
		{A50D54C8-5CDA-4BA3-B356-CE4758D08511}.Debug|Any CPU.Build.0 = Release|Any CPU
		{A50D54C8-5CDA-4BA3-B356-CE4758D08511}.Release|Any CPU.ActiveCfg = Release|Any CPU
		{A50D54C8-5CDA-4BA3-B356-CE4758D08511}.Release|Any CPU.Build.0 = Release|Any CPU
		{B74CD442-B4A4-45FD-9055-F523CD5BF5E8}.Debug|Any CPU.ActiveCfg = Release|Any CPU
		{B74CD442-B4A4-45FD-9055-F523CD5BF5E8}.Debug|Any CPU.Build.0 = Release|Any CPU
		{B74CD442-B4A4-45FD-9055-F523CD5BF5E8}.Release|Any CPU.ActiveCfg = Release|Any CPU
		{B74CD442-B4A4-45FD-9055-F523CD5BF5E8}.Release|Any CPU.Build.0 = Release|Any CPU
	EndGlobalSection
	GlobalSection(SolutionProperties) = preSolution
		HideSolutionNode = FALSE
	EndGlobalSection
	GlobalSection(ExtensibilityGlobals) = postSolution
		SolutionGuid = {FD18716F-06C0-4965-8475-6A7DEB7F7F46}
	EndGlobalSection
EndGlobal
